github.com/wowchemy/wowchemy-hugo-modules/wowchemy-cms/v5 v5.0.0-20220322201716-d773f436c359 h1:8w5AVxrlJIEPwxW1m1SCuL2UNLmU4KaNcNV1q1bqUpY=
github.com/wowchemy/wowchemy-hugo-modules/wowchemy-cms/v5 v5.0.0-20220322201716-d773f436c359/go.mod h1:Sp/AKo+2HAPi/IPHp1MEdKPmee+mzO5+efUBUPLPqPE=
github.com/wowchemy/wowchemy-hugo-modules/wowchemy-cms/v5 v5.0.0-20220524234201-98932fcf9688 h1:p03qDUTtZgOcRiNka5m6ofkCx7E1juXxSygKgCVZCaU=
github.com/wowchemy/wowchemy-hugo-modules/wowchemy-cms/v5 v5.0.0-20220524234201-98932fcf9688/go.mod h1:Sp/AKo+2HAPi/IPHp1MEdKPmee+mzO5+efUBUPLPqPE=
github.com/wowchemy/wowchemy-hugo-modules/wowchemy/v5 v5.0.0-20220322201716-d773f436c359 h1:SnTLWwKbZicL2OTIf1Fm0Hi9jgXMYOb660cSsltfr1s=
github.com/wowchemy/wowchemy-hugo-modules/wowchemy/v5 v5.0.0-20220322201716-d773f436c359/go.mod h1:2iL9rdrUYyJXX2BeHKfK+QbqZlubCsaR60nQ87NRQTY=
github.com/wowchemy/wowchemy-hugo-modules/wowchemy/v5 v5.0.0-20220524234201-98932fcf9688 h1:7PKAu7bgB4QiRB9WoiyTl77DU6ZXPemQIH6iFUu3QkM=
github.com/wowchemy/wowchemy-hugo-modules/wowchemy/v5 v5.0.0-20220524234201-98932fcf9688/go.mod h1:2iL9rdrUYyJXX2BeHKfK+QbqZlubCsaR60nQ87NRQTY=
